{
  "nodes": {
    "nixos-hardware": {
      "locked": {
        "lastModified": 1751655097,
        "narHash": "sha256-eyrvkn6SSacHSwJIMkuqvvYcaoE4vni5KUQWM6+4TR0=",
        "owner": "arcanumx64",
        "repo": "nixos-hardware",
        "rev": "d868bf0a985d46258b9d32314c3b9a4f49a1e2d8",
        "type": "github"
      },
      "original": {
        "owner": "arcanumx64",
        "ref": "master",
        "repo": "nixos-hardware",
        "type": "github"
      }
    },
    "nixpkgs": {
      "locked": {
        "lastModified": 1754350094,
        "narHash": "sha256-iriJqxzqiwMPlDyzG4Fla5naOV7alsDZa1nhMwDno9g=",
        "owner": "NixOS",
        "repo": "nixpkgs",
        "rev": "71534b3376c5948356fc2e9700cd7a75993f786f",
        "type": "github"
      },
      "original": {
        "owner": "NixOS",
        "ref": "release-25.05",
        "repo": "nixpkgs",
        "type": "github"
      }
    },
    "root": {
      "inputs": {
        "nixos-hardware": "nixos-hardware",
        "nixpkgs": "nixpkgs"
      }
    }
  },
  "root": "root",
  "version": 7
}
