{
  "nodes": {
    "nixos-hardware": {
      "locked": {
        "lastModified": 1751655097,
        "narHash": "sha256-eyrvkn6SSacHSwJIMkuqvvYcaoE4vni5KUQWM6+4TR0=",
        "owner": "arcanumx64",
        "repo": "nixos-hardware",
        "rev": "d868bf0a985d46258b9d32314c3b9a4f49a1e2d8",
        "type": "github"
      },
      "original": {
        "owner": "arcanumx64",
        "ref": "master",
        "repo": "nixos-hardware",
        "type": "github"
      }
    },
    "nixpkgs": {
      "locked": {
        "lastModified": 1757115226,
        "narHash": "sha256-vjAvPrvumah303Ni34X3f5RSmTNo1vXmTuHIL/S6E/w=",
        "owner": "NixOS",
        "repo": "nixpkgs",
        "rev": "dab7a3a658ca886fdd5389cc4b2bdb17d1ae0139",
        "type": "github"
      },
      "original": {
        "owner": "NixOS",
        "ref": "release-25.05",
        "repo": "nixpkgs",
        "type": "github"
      }
    },
    "root": {
      "inputs": {
        "nixos-hardware": "nixos-hardware",
        "nixpkgs": "nixpkgs"
      }
    }
  },
  "root": "root",
  "version": 7
}
