{
  "nodes": {
    "nixos-hardware": {
      "locked": {
        "lastModified": 1748432914,
        "narHash": "sha256-go33+wpzZtaGot6XzYkBxl3irWZEiVvoaNtXcuIMY+w=",
        "owner": "arcanumx64",
        "repo": "nixos-hardware",
        "rev": "9043e8cb9030699b661f2131f4a36853eebdc2b4",
        "type": "github"
      },
      "original": {
        "owner": "arcanumx64",
        "ref": "feat/asus-ux540",
        "repo": "nixos-hardware",
        "type": "github"
      }
    },
    "nixpkgs": {
      "locked": {
        "lastModified": 1749794982,
        "narHash": "sha256-Kh9K4taXbVuaLC0IL+9HcfvxsSUx8dPB5s5weJcc9pc=",
        "owner": "NixOS",
        "repo": "nixpkgs",
        "rev": "ee930f9755f58096ac6e8ca94a1887e0534e2d81",
        "type": "github"
      },
      "original": {
        "owner": "NixOS",
        "ref": "nixos-unstable",
        "repo": "nixpkgs",
        "type": "github"
      }
    },
    "root": {
      "inputs": {
        "nixos-hardware": "nixos-hardware",
        "nixpkgs": "nixpkgs"
      }
    }
  },
  "root": "root",
  "version": 7
}
